
Microsoft Visual Studio Solution File, Format Version 12.00
# Visual Studio 15
Project("{FAE04EC0-301F-11D3-BF4B-00C04F79EFBC}") = "Assembly-CSharp", "Assembly-CSharp.csproj", "{2DD54FE9-6B4D-891E-F9E8-D2FECB78432B}"
EndProject
Global
	GlobalSection(SolutionConfigurationPlatforms) = preSolution
		Debug|Any CPU = Debug|Any CPU
		Release|Any CPU = Release|Any CPU
	EndGlobalSection
	GlobalSection(ProjectConfigurationPlatforms) = postSolution
		{2DD54FE9-6B4D-891E-F9E8-D2FECB78432B}.Debug|Any CPU.ActiveCfg = Debug|Any CPU
		{2DD54FE9-6B4D-891E-F9E8-D2FECB78432B}.Debug|Any CPU.Build.0 = Debug|Any CPU
		{2DD54FE9-6B4D-891E-F9E8-D2FECB78432B}.Release|Any CPU.ActiveCfg = Release|Any CPU
		{2DD54FE9-6B4D-891E-F9E8-D2FECB78432B}.Release|Any CPU.Build.0 = Release|Any CPU
	EndGlobalSection
	GlobalSection(SolutionProperties) = preSolution
		HideSolutionNode = FALSE
	EndGlobalSection
EndGlobal
